
Microsoft Visual Studio Solution File, Format Version 12.00
# Visual Studio Version 17
VisualStudioVersion = 17.11.35312.102
MinimumVisualStudioVersion = 10.0.40219.1
Project("{9A19103F-16F7-4668-BE54-9A1E7A4F7556}") = "ProyectoDefinitvo - Northwind", "ProyectoDefinitvo - Northwind\ProyectoDefinitvo - Northwind.csproj", "{A51BC50F-1A84-4400-831B-A1412F59067D}"
EndProject
Project("{FAE04EC0-301F-11D3-BF4B-00C04F79EFBC}") = "Northwind.Application", "Northwind.Application\Northwind.Application.csproj", "{7F81B51A-22B1-4508-857B-1FCA3D4015C1}"
EndProject
Project("{FAE04EC0-301F-11D3-BF4B-00C04F79EFBC}") = "Northwind.Infrastructure", "Northwind.Infrastructure\Northwind.Infrastructure.csproj", "{9657E407-D4F8-4584-8C1C-4525F1316403}"
EndProject
Project("{FAE04EC0-301F-11D3-BF4B-00C04F79EFBC}") = "Northwind.Models", "Northwind.Models\Northwind.Models.csproj", "{793FF38F-B1D6-40BD-AEA4-1ED7368366A9}"
EndProject
Project("{FAE04EC0-301F-11D3-BF4B-00C04F79EFBC}") = "Northwind.Tests", "Northwind.Tests\Northwind.Tests.csproj", "{2164CAFB-707D-4687-B854-4EA9DDFCF95A}"
EndProject
Global
	GlobalSection(SolutionConfigurationPlatforms) = preSolution
		Debug|Any CPU = Debug|Any CPU
		Release|Any CPU = Release|Any CPU
	EndGlobalSection
	GlobalSection(ProjectConfigurationPlatforms) = postSolution
		{A51BC50F-1A84-4400-831B-A1412F59067D}.Debug|Any CPU.ActiveCfg = Debug|Any CPU
		{A51BC50F-1A84-4400-831B-A1412F59067D}.Debug|Any CPU.Build.0 = Debug|Any CPU
		{A51BC50F-1A84-4400-831B-A1412F59067D}.Release|Any CPU.ActiveCfg = Release|Any CPU
		{A51BC50F-1A84-4400-831B-A1412F59067D}.Release|Any CPU.Build.0 = Release|Any CPU
		{7F81B51A-22B1-4508-857B-1FCA3D4015C1}.Debug|Any CPU.ActiveCfg = Debug|Any CPU
		{7F81B51A-22B1-4508-857B-1FCA3D4015C1}.Debug|Any CPU.Build.0 = Debug|Any CPU
		{7F81B51A-22B1-4508-857B-1FCA3D4015C1}.Release|Any CPU.ActiveCfg = Release|Any CPU
		{7F81B51A-22B1-4508-857B-1FCA3D4015C1}.Release|Any CPU.Build.0 = Release|Any CPU
		{9657E407-D4F8-4584-8C1C-4525F1316403}.Debug|Any CPU.ActiveCfg = Debug|Any CPU
		{9657E407-D4F8-4584-8C1C-4525F1316403}.Debug|Any CPU.Build.0 = Debug|Any CPU
		{9657E407-D4F8-4584-8C1C-4525F1316403}.Release|Any CPU.ActiveCfg = Release|Any CPU
		{9657E407-D4F8-4584-8C1C-4525F1316403}.Release|Any CPU.Build.0 = Release|Any CPU
		{793FF38F-B1D6-40BD-AEA4-1ED7368366A9}.Debug|Any CPU.ActiveCfg = Debug|Any CPU
		{793FF38F-B1D6-40BD-AEA4-1ED7368366A9}.Debug|Any CPU.Build.0 = Debug|Any CPU
		{793FF38F-B1D6-40BD-AEA4-1ED7368366A9}.Release|Any CPU.ActiveCfg = Release|Any CPU
		{793FF38F-B1D6-40BD-AEA4-1ED7368366A9}.Release|Any CPU.Build.0 = Release|Any CPU
		{2164CAFB-707D-4687-B854-4EA9DDFCF95A}.Debug|Any CPU.ActiveCfg = Debug|Any CPU
		{2164CAFB-707D-4687-B854-4EA9DDFCF95A}.Debug|Any CPU.Build.0 = Debug|Any CPU
		{2164CAFB-707D-4687-B854-4EA9DDFCF95A}.Release|Any CPU.ActiveCfg = Release|Any CPU
		{2164CAFB-707D-4687-B854-4EA9DDFCF95A}.Release|Any CPU.Build.0 = Release|Any CPU
	EndGlobalSection
	GlobalSection(SolutionProperties) = preSolution
		HideSolutionNode = FALSE
	EndGlobalSection
	GlobalSection(ExtensibilityGlobals) = postSolution
		SolutionGuid = {D7A7B5C8-4310-41C4-A6E9-7CEA466590DD}
	EndGlobalSection
EndGlobal
